
Microsoft Visual Studio Solution File, Format Version 12.00
# Visual Studio 14
VisualStudioVersion = 14.0.25420.1
MinimumVisualStudioVersion = 10.0.40219.1
Project("{FAE04EC0-301F-11D3-BF4B-00C04F79EFBC}") = "AirVentsCadWpf", "AirVentsCadWpf\AirVentsCadWpf.csproj", "{4A03F4CD-8E2A-4600-B89C-782ADCC67E44}"
	ProjectSection(ProjectDependencies) = postProject
		{BB520393-884D-4C9E-9DD2-12D11AE850D0} = {BB520393-884D-4C9E-9DD2-12D11AE850D0}
		{23A1FCD6-6048-4043-BEA8-6B08A296029F} = {23A1FCD6-6048-4043-BEA8-6B08A296029F}
	EndProjectSection
EndProject
Project("{FAE04EC0-301F-11D3-BF4B-00C04F79EFBC}") = "VentsCadLibrary", "VentsCadLibrary\VentsCadLibrary.csproj", "{23A1FCD6-6048-4043-BEA8-6B08A296029F}"
EndProject
Project("{FAE04EC0-301F-11D3-BF4B-00C04F79EFBC}") = "ConnectorOneC", "CorPortalWcfService\ConnectorOneC\ConnectorOneC.csproj", "{BB520393-884D-4C9E-9DD2-12D11AE850D0}"
EndProject
Project("{FAE04EC0-301F-11D3-BF4B-00C04F79EFBC}") = "HostingWindowsForms", "CorPortalWcfService\HostingWindowsForms\HostingWindowsForms.csproj", "{F634D017-B7E4-4A08-AF7D-1BDBEA2F8AF2}"
EndProject
Project("{FAE04EC0-301F-11D3-BF4B-00C04F79EFBC}") = "PdmAsmBomToXml", "PdmAsmBomToXml\PdmAsmBomToXml.csproj", "{EBDBCE42-EFA5-48BD-A0E0-E0F5BCF3EC95}"
EndProject
Project("{FAE04EC0-301F-11D3-BF4B-00C04F79EFBC}") = "VentsCadService", "VentsCadService\VentsCadService.csproj", "{5C55073E-F9E2-43E7-AF5B-AF61A59B4656}"
EndProject
Project("{FAE04EC0-301F-11D3-BF4B-00C04F79EFBC}") = "VentsCadServiceLibrary", "VentsCadServiceLibrary\VentsCadServiceLibrary.csproj", "{C0BABA88-814B-46BD-A791-5226AB46FCFA}"
EndProject
Project("{FAE04EC0-301F-11D3-BF4B-00C04F79EFBC}") = "ExportPartData", "ExportPartData\ExportPartData\ExportPartData.csproj", "{1B9ACB92-BD12-4413-B4B9-0471BB359142}"
EndProject
Project("{FAE04EC0-301F-11D3-BF4B-00C04F79EFBC}") = "MakeDxfUpdatePartData", "MakeDxfUpdatePartData\MakeDxfUpdatePartData\MakeDxfUpdatePartData.csproj", "{A2B1A8E6-9096-4D7F-BCA5-341DAE4F8381}"
EndProject
Project("{FAE04EC0-301F-11D3-BF4B-00C04F79EFBC}") = "AddinConvertTo", "AddinConvertTo - PRT and PDF\AddinConvertTo.csproj", "{308731C7-36A4-4147-A13D-07E7F6EED0AC}"
EndProject
Project("{FAE04EC0-301F-11D3-BF4B-00C04F79EFBC}") = "IEdmBatchUnlock_TEST", "IEdmBatchUnlock_TEST\IEdmBatchUnlock_TEST.csproj", "{959B616A-22B1-4627-933A-A3688BC6A7F2}"
EndProject
Project("{2150E333-8FDC-42A3-9474-1A3956D46DE8}") = "Solution Items", "Solution Items", "{DB20C7DF-94FF-45EC-B43F-0BA354E85FE6}"
EndProject
Project("{FAE04EC0-301F-11D3-BF4B-00C04F79EFBC}") = "VentsMaterials - DLL", "2. VentsMaterials - DLL\VentsMaterials - DLL\VentsMaterials - DLL.csproj", "{5BDD7CBB-5DED-4C1F-9CB2-432B9257FD07}"
EndProject
Project("{FAE04EC0-301F-11D3-BF4B-00C04F79EFBC}") = "BomPartList", "BomPartList\BomPartList\BomPartList.csproj", "{A7618ADC-B425-4A64-B66F-ED7A0A6B7268}"
EndProject
Global
	GlobalSection(SolutionConfigurationPlatforms) = preSolution
		Debug|Any CPU = Debug|Any CPU
		Release|Any CPU = Release|Any CPU
	EndGlobalSection
	GlobalSection(ProjectConfigurationPlatforms) = postSolution
		{4A03F4CD-8E2A-4600-B89C-782ADCC67E44}.Debug|Any CPU.ActiveCfg = Release|Any CPU
		{4A03F4CD-8E2A-4600-B89C-782ADCC67E44}.Debug|Any CPU.Build.0 = Release|Any CPU
		{4A03F4CD-8E2A-4600-B89C-782ADCC67E44}.Release|Any CPU.ActiveCfg = Release|Any CPU
		{4A03F4CD-8E2A-4600-B89C-782ADCC67E44}.Release|Any CPU.Build.0 = Release|Any CPU
		{23A1FCD6-6048-4043-BEA8-6B08A296029F}.Debug|Any CPU.ActiveCfg = Release|Any CPU
		{23A1FCD6-6048-4043-BEA8-6B08A296029F}.Debug|Any CPU.Build.0 = Release|Any CPU
		{23A1FCD6-6048-4043-BEA8-6B08A296029F}.Release|Any CPU.ActiveCfg = Release|Any CPU
		{23A1FCD6-6048-4043-BEA8-6B08A296029F}.Release|Any CPU.Build.0 = Release|Any CPU
		{BB520393-884D-4C9E-9DD2-12D11AE850D0}.Debug|Any CPU.ActiveCfg = Release|Any CPU
		{BB520393-884D-4C9E-9DD2-12D11AE850D0}.Debug|Any CPU.Build.0 = Release|Any CPU
		{BB520393-884D-4C9E-9DD2-12D11AE850D0}.Release|Any CPU.ActiveCfg = Release|Any CPU
		{BB520393-884D-4C9E-9DD2-12D11AE850D0}.Release|Any CPU.Build.0 = Release|Any CPU
		{F634D017-B7E4-4A08-AF7D-1BDBEA2F8AF2}.Debug|Any CPU.ActiveCfg = Release|Any CPU
		{F634D017-B7E4-4A08-AF7D-1BDBEA2F8AF2}.Debug|Any CPU.Build.0 = Release|Any CPU
		{F634D017-B7E4-4A08-AF7D-1BDBEA2F8AF2}.Release|Any CPU.ActiveCfg = Release|Any CPU
		{F634D017-B7E4-4A08-AF7D-1BDBEA2F8AF2}.Release|Any CPU.Build.0 = Release|Any CPU
		{EBDBCE42-EFA5-48BD-A0E0-E0F5BCF3EC95}.Debug|Any CPU.ActiveCfg = Release|Any CPU
		{EBDBCE42-EFA5-48BD-A0E0-E0F5BCF3EC95}.Debug|Any CPU.Build.0 = Release|Any CPU
		{EBDBCE42-EFA5-48BD-A0E0-E0F5BCF3EC95}.Release|Any CPU.ActiveCfg = Release|Any CPU
		{EBDBCE42-EFA5-48BD-A0E0-E0F5BCF3EC95}.Release|Any CPU.Build.0 = Release|Any CPU
		{5C55073E-F9E2-43E7-AF5B-AF61A59B4656}.Debug|Any CPU.ActiveCfg = Release|Any CPU
		{5C55073E-F9E2-43E7-AF5B-AF61A59B4656}.Debug|Any CPU.Build.0 = Release|Any CPU
		{5C55073E-F9E2-43E7-AF5B-AF61A59B4656}.Release|Any CPU.ActiveCfg = Release|Any CPU
		{5C55073E-F9E2-43E7-AF5B-AF61A59B4656}.Release|Any CPU.Build.0 = Release|Any CPU
		{C0BABA88-814B-46BD-A791-5226AB46FCFA}.Debug|Any CPU.ActiveCfg = Release|Any CPU
		{C0BABA88-814B-46BD-A791-5226AB46FCFA}.Debug|Any CPU.Build.0 = Release|Any CPU
		{C0BABA88-814B-46BD-A791-5226AB46FCFA}.Release|Any CPU.ActiveCfg = Release|Any CPU
		{C0BABA88-814B-46BD-A791-5226AB46FCFA}.Release|Any CPU.Build.0 = Release|Any CPU
		{1B9ACB92-BD12-4413-B4B9-0471BB359142}.Debug|Any CPU.ActiveCfg = Debug|Any CPU
		{1B9ACB92-BD12-4413-B4B9-0471BB359142}.Debug|Any CPU.Build.0 = Debug|Any CPU
		{1B9ACB92-BD12-4413-B4B9-0471BB359142}.Release|Any CPU.ActiveCfg = Release|Any CPU
		{1B9ACB92-BD12-4413-B4B9-0471BB359142}.Release|Any CPU.Build.0 = Release|Any CPU
		{A2B1A8E6-9096-4D7F-BCA5-341DAE4F8381}.Debug|Any CPU.ActiveCfg = Debug|Any CPU
		{A2B1A8E6-9096-4D7F-BCA5-341DAE4F8381}.Debug|Any CPU.Build.0 = Debug|Any CPU
		{A2B1A8E6-9096-4D7F-BCA5-341DAE4F8381}.Release|Any CPU.ActiveCfg = Release|Any CPU
		{A2B1A8E6-9096-4D7F-BCA5-341DAE4F8381}.Release|Any CPU.Build.0 = Release|Any CPU
		{308731C7-36A4-4147-A13D-07E7F6EED0AC}.Debug|Any CPU.ActiveCfg = Debug|Any CPU
		{308731C7-36A4-4147-A13D-07E7F6EED0AC}.Debug|Any CPU.Build.0 = Debug|Any CPU
		{308731C7-36A4-4147-A13D-07E7F6EED0AC}.Release|Any CPU.ActiveCfg = Release|Any CPU
		{308731C7-36A4-4147-A13D-07E7F6EED0AC}.Release|Any CPU.Build.0 = Release|Any CPU
		{959B616A-22B1-4627-933A-A3688BC6A7F2}.Debug|Any CPU.ActiveCfg = Debug|Any CPU
		{959B616A-22B1-4627-933A-A3688BC6A7F2}.Debug|Any CPU.Build.0 = Debug|Any CPU
		{959B616A-22B1-4627-933A-A3688BC6A7F2}.Release|Any CPU.ActiveCfg = Release|Any CPU
		{959B616A-22B1-4627-933A-A3688BC6A7F2}.Release|Any CPU.Build.0 = Release|Any CPU
		{5BDD7CBB-5DED-4C1F-9CB2-432B9257FD07}.Debug|Any CPU.ActiveCfg = Debug|Any CPU
		{5BDD7CBB-5DED-4C1F-9CB2-432B9257FD07}.Debug|Any CPU.Build.0 = Debug|Any CPU
		{5BDD7CBB-5DED-4C1F-9CB2-432B9257FD07}.Release|Any CPU.ActiveCfg = Release|Any CPU
		{5BDD7CBB-5DED-4C1F-9CB2-432B9257FD07}.Release|Any CPU.Build.0 = Release|Any CPU
		{A7618ADC-B425-4A64-B66F-ED7A0A6B7268}.Debug|Any CPU.ActiveCfg = Debug|Any CPU
		{A7618ADC-B425-4A64-B66F-ED7A0A6B7268}.Debug|Any CPU.Build.0 = Debug|Any CPU
		{A7618ADC-B425-4A64-B66F-ED7A0A6B7268}.Release|Any CPU.ActiveCfg = Release|Any CPU
		{A7618ADC-B425-4A64-B66F-ED7A0A6B7268}.Release|Any CPU.Build.0 = Release|Any CPU
	EndGlobalSection
	GlobalSection(SolutionProperties) = preSolution
		HideSolutionNode = FALSE
	EndGlobalSection
EndGlobal
